
Microsoft Visual Studio Solution File, Format Version 12.00
# Visual Studio Version 17
VisualStudioVersion = 17.13.35913.81 d17.13
MinimumVisualStudioVersion = 10.0.40219.1
Project("{FAE04EC0-301F-11D3-BF4B-00C04F79EFBC}") = "SingularKioskSystem", "SingularKioskSystem\SingularKioskSystem.csproj", "{36BCDBB5-2580-4C7F-8D72-62DBD70DAA22}"
EndProject
Global
	GlobalSection(SolutionConfigurationPlatforms) = preSolution
		Debug|Any CPU = Debug|Any CPU
		Release|Any CPU = Release|Any CPU
	EndGlobalSection
	GlobalSection(ProjectConfigurationPlatforms) = postSolution
		{36BCDBB5-2580-4C7F-8D72-62DBD70DAA22}.Debug|Any CPU.ActiveCfg = Debug|Any CPU
		{36BCDBB5-2580-4C7F-8D72-62DBD70DAA22}.Debug|Any CPU.Build.0 = Debug|Any CPU
		{36BCDBB5-2580-4C7F-8D72-62DBD70DAA22}.Release|Any CPU.ActiveCfg = Release|Any CPU
		{36BCDBB5-2580-4C7F-8D72-62DBD70DAA22}.Release|Any CPU.Build.0 = Release|Any CPU
	EndGlobalSection
	GlobalSection(SolutionProperties) = preSolution
		HideSolutionNode = FALSE
	EndGlobalSection
	GlobalSection(ExtensibilityGlobals) = postSolution
		SolutionGuid = {A59EF923-D07C-49FA-8E18-26088E886B05}
	EndGlobalSection
EndGlobal
